
Microsoft Visual Studio Solution File, Format Version 12.00
# Visual Studio 15
VisualStudioVersion = 15.0.27703.2035
MinimumVisualStudioVersion = 10.0.40219.1
Project("{9A19103F-16F7-4668-BE54-9A1E7A4F7556}") = "WebApplication1", "WebApplication1\WebApplication1.csproj", "{BEE4D787-51CE-454D-B07D-BDCBBCEBEFA9}"
EndProject
Project("{9A19103F-16F7-4668-BE54-9A1E7A4F7556}") = "Movies.Repository", "MoviesRepository\Movies.Repository.csproj", "{1A37EEDF-D313-485B-912F-FE0E548913CF}"
EndProject
Project("{9A19103F-16F7-4668-BE54-9A1E7A4F7556}") = "Movies.Service", "MoviesService\Movies.Service.csproj", "{1BA940FF-395B-474D-A804-040C23E7DFFF}"
EndProject
Global
	GlobalSection(SolutionConfigurationPlatforms) = preSolution
		Debug|Any CPU = Debug|Any CPU
		Release|Any CPU = Release|Any CPU
	EndGlobalSection
	GlobalSection(ProjectConfigurationPlatforms) = postSolution
		{BEE4D787-51CE-454D-B07D-BDCBBCEBEFA9}.Debug|Any CPU.ActiveCfg = Debug|Any CPU
		{BEE4D787-51CE-454D-B07D-BDCBBCEBEFA9}.Debug|Any CPU.Build.0 = Debug|Any CPU
		{BEE4D787-51CE-454D-B07D-BDCBBCEBEFA9}.Release|Any CPU.ActiveCfg = Release|Any CPU
		{BEE4D787-51CE-454D-B07D-BDCBBCEBEFA9}.Release|Any CPU.Build.0 = Release|Any CPU
		{1A37EEDF-D313-485B-912F-FE0E548913CF}.Debug|Any CPU.ActiveCfg = Debug|Any CPU
		{1A37EEDF-D313-485B-912F-FE0E548913CF}.Debug|Any CPU.Build.0 = Debug|Any CPU
		{1A37EEDF-D313-485B-912F-FE0E548913CF}.Release|Any CPU.ActiveCfg = Release|Any CPU
		{1A37EEDF-D313-485B-912F-FE0E548913CF}.Release|Any CPU.Build.0 = Release|Any CPU
		{1BA940FF-395B-474D-A804-040C23E7DFFF}.Debug|Any CPU.ActiveCfg = Debug|Any CPU
		{1BA940FF-395B-474D-A804-040C23E7DFFF}.Debug|Any CPU.Build.0 = Debug|Any CPU
		{1BA940FF-395B-474D-A804-040C23E7DFFF}.Release|Any CPU.ActiveCfg = Release|Any CPU
		{1BA940FF-395B-474D-A804-040C23E7DFFF}.Release|Any CPU.Build.0 = Release|Any CPU
	EndGlobalSection
	GlobalSection(SolutionProperties) = preSolution
		HideSolutionNode = FALSE
	EndGlobalSection
	GlobalSection(ExtensibilityGlobals) = postSolution
		SolutionGuid = {956E08FE-0BD8-46ED-BA3A-564D8C5256DE}
	EndGlobalSection
EndGlobal
